
Microsoft Visual Studio Solution File, Format Version 12.00
# Visual Studio 2013
VisualStudioVersion = 12.0.31101.0
MinimumVisualStudioVersion = 10.0.40219.1
Project("{FAE04EC0-301F-11D3-BF4B-00C04F79EFBC}") = "os_tester_ui", "os_tester_ui\os_tester_ui.csproj", "{3F781A91-E755-409F-98A0-13490E96309B}"
EndProject
Global
	GlobalSection(SolutionConfigurationPlatforms) = preSolution
		Debug|Any CPU = Debug|Any CPU
		Release|Any CPU = Release|Any CPU
	EndGlobalSection
	GlobalSection(ProjectConfigurationPlatforms) = postSolution
		{3F781A91-E755-409F-98A0-13490E96309B}.Debug|Any CPU.ActiveCfg = Debug|Any CPU
		{3F781A91-E755-409F-98A0-13490E96309B}.Debug|Any CPU.Build.0 = Debug|Any CPU
		{3F781A91-E755-409F-98A0-13490E96309B}.Release|Any CPU.ActiveCfg = Release|Any CPU
		{3F781A91-E755-409F-98A0-13490E96309B}.Release|Any CPU.Build.0 = Release|Any CPU
	EndGlobalSection
	GlobalSection(SolutionProperties) = preSolution
		HideSolutionNode = FALSE
	EndGlobalSection
EndGlobal
